Microsoft Visual Studio Solution File, Format Version 11.00
# Visual Studio 2008

Project("{F6229B81-6C6A-AC0C-EF55-4D1483036391}") = "projectwerking", "Assembly-CSharp.csproj", "{FFBA9A7B-DF86-8466-A1AF-B7B0AB0533C8}"
EndProject
Global
	GlobalSection(SolutionConfigurationPlatforms) = preSolution
		Debug|Any CPU = Debug|Any CPU
		Release|Any CPU = Release|Any CPU
	EndGlobalSection
	GlobalSection(ProjectConfigurationPlatforms) = postSolution
		{FFBA9A7B-DF86-8466-A1AF-B7B0AB0533C8}.Debug|Any CPU.ActiveCfg = Debug|Any CPU
		{FFBA9A7B-DF86-8466-A1AF-B7B0AB0533C8}.Debug|Any CPU.Build.0 = Debug|Any CPU
		{FFBA9A7B-DF86-8466-A1AF-B7B0AB0533C8}.Release|Any CPU.ActiveCfg = Release|Any CPU
		{FFBA9A7B-DF86-8466-A1AF-B7B0AB0533C8}.Release|Any CPU.Build.0 = Release|Any CPU
	EndGlobalSection
	GlobalSection(SolutionProperties) = preSolution
		HideSolutionNode = FALSE
	EndGlobalSection
	GlobalSection(MonoDevelopProperties) = preSolution
		StartupItem = Assembly-CSharp.csproj
	EndGlobalSection
EndGlobal
